
Microsoft Visual Studio Solution File, Format Version 12.00
# Visual Studio 14
VisualStudioVersion = 14.0.24720.0
MinimumVisualStudioVersion = 10.0.40219.1
Project("{FAE04EC0-301F-11D3-BF4B-00C04F79EFBC}") = "Core", "Core\Core.csproj", "{7BE5C667-44D6-405E-AF05-385176DC3C00}"
EndProject
Project("{FAE04EC0-301F-11D3-BF4B-00C04F79EFBC}") = "AppHost", "AppHost\AppHost.csproj", "{3DBFE360-2CAD-4E6E-8182-F0B19DE54323}"
EndProject
Project("{2150E333-8FDC-42A3-9474-1A3956D46DE8}") = "Common", "Common", "{C183B51C-B881-4F99-968F-55F6458205D7}"
EndProject
Project("{2150E333-8FDC-42A3-9474-1A3956D46DE8}") = "WinClient", "WinClient", "{61CF1F3E-DCDF-484C-BC6E-BA47E0991DFD}"
EndProject
Project("{FAE04EC0-301F-11D3-BF4B-00C04F79EFBC}") = "ClientCommon", "ClientCommon\ClientCommon.csproj", "{F83EE2A3-A40A-4D6C-9B7B-8F769A125E8D}"
EndProject
Project("{2150E333-8FDC-42A3-9474-1A3956D46DE8}") = "BusinessLogical", "BusinessLogical", "{8C6FE325-1483-48B5-9AE9-E3992A1B595A}"
EndProject
Project("{FAE04EC0-301F-11D3-BF4B-00C04F79EFBC}") = "Model", "Model\Model.csproj", "{957CCE56-47AD-46AD-BCF5-13CCD384D33D}"
EndProject
Project("{FAE04EC0-301F-11D3-BF4B-00C04F79EFBC}") = "BusinessLogical", "BusinessLogical\BusinessLogical.csproj", "{F54AE1A0-C4B1-46BA-9D9A-090FBD7F171D}"
EndProject
Project("{2150E333-8FDC-42A3-9474-1A3956D46DE8}") = "DB", "DB", "{2AB0B143-7708-4C75-B4AE-56292D5785D9}"
	ProjectSection(SolutionItems) = preProject
		..\..\..\My Documents\Documents\DevelopPlatform.sql = ..\..\..\My Documents\Documents\DevelopPlatform.sql
	EndProjectSection
EndProject
Global
	GlobalSection(SolutionConfigurationPlatforms) = preSolution
		Debug|Any CPU = Debug|Any CPU
		Release|Any CPU = Release|Any CPU
	EndGlobalSection
	GlobalSection(ProjectConfigurationPlatforms) = postSolution
		{7BE5C667-44D6-405E-AF05-385176DC3C00}.Debug|Any CPU.ActiveCfg = Debug|Any CPU
		{7BE5C667-44D6-405E-AF05-385176DC3C00}.Debug|Any CPU.Build.0 = Debug|Any CPU
		{7BE5C667-44D6-405E-AF05-385176DC3C00}.Release|Any CPU.ActiveCfg = Release|Any CPU
		{7BE5C667-44D6-405E-AF05-385176DC3C00}.Release|Any CPU.Build.0 = Release|Any CPU
		{3DBFE360-2CAD-4E6E-8182-F0B19DE54323}.Debug|Any CPU.ActiveCfg = Debug|Any CPU
		{3DBFE360-2CAD-4E6E-8182-F0B19DE54323}.Debug|Any CPU.Build.0 = Debug|Any CPU
		{3DBFE360-2CAD-4E6E-8182-F0B19DE54323}.Release|Any CPU.ActiveCfg = Release|Any CPU
		{3DBFE360-2CAD-4E6E-8182-F0B19DE54323}.Release|Any CPU.Build.0 = Release|Any CPU
		{F83EE2A3-A40A-4D6C-9B7B-8F769A125E8D}.Debug|Any CPU.ActiveCfg = Debug|Any CPU
		{F83EE2A3-A40A-4D6C-9B7B-8F769A125E8D}.Debug|Any CPU.Build.0 = Debug|Any CPU
		{F83EE2A3-A40A-4D6C-9B7B-8F769A125E8D}.Release|Any CPU.ActiveCfg = Release|Any CPU
		{F83EE2A3-A40A-4D6C-9B7B-8F769A125E8D}.Release|Any CPU.Build.0 = Release|Any CPU
		{957CCE56-47AD-46AD-BCF5-13CCD384D33D}.Debug|Any CPU.ActiveCfg = Debug|Any CPU
		{957CCE56-47AD-46AD-BCF5-13CCD384D33D}.Debug|Any CPU.Build.0 = Debug|Any CPU
		{957CCE56-47AD-46AD-BCF5-13CCD384D33D}.Release|Any CPU.ActiveCfg = Release|Any CPU
		{957CCE56-47AD-46AD-BCF5-13CCD384D33D}.Release|Any CPU.Build.0 = Release|Any CPU
		{F54AE1A0-C4B1-46BA-9D9A-090FBD7F171D}.Debug|Any CPU.ActiveCfg = Debug|Any CPU
		{F54AE1A0-C4B1-46BA-9D9A-090FBD7F171D}.Debug|Any CPU.Build.0 = Debug|Any CPU
		{F54AE1A0-C4B1-46BA-9D9A-090FBD7F171D}.Release|Any CPU.ActiveCfg = Release|Any CPU
		{F54AE1A0-C4B1-46BA-9D9A-090FBD7F171D}.Release|Any CPU.Build.0 = Release|Any CPU
	EndGlobalSection
	GlobalSection(SolutionProperties) = preSolution
		HideSolutionNode = FALSE
	EndGlobalSection
	GlobalSection(NestedProjects) = preSolution
		{7BE5C667-44D6-405E-AF05-385176DC3C00} = {C183B51C-B881-4F99-968F-55F6458205D7}
		{3DBFE360-2CAD-4E6E-8182-F0B19DE54323} = {61CF1F3E-DCDF-484C-BC6E-BA47E0991DFD}
		{F83EE2A3-A40A-4D6C-9B7B-8F769A125E8D} = {61CF1F3E-DCDF-484C-BC6E-BA47E0991DFD}
		{957CCE56-47AD-46AD-BCF5-13CCD384D33D} = {8C6FE325-1483-48B5-9AE9-E3992A1B595A}
		{F54AE1A0-C4B1-46BA-9D9A-090FBD7F171D} = {8C6FE325-1483-48B5-9AE9-E3992A1B595A}
	EndGlobalSection
EndGlobal
